
Microsoft Visual Studio Solution File, Format Version 12.00
# Visual Studio Version 16
VisualStudioVersion = 16.0.30002.166
MinimumVisualStudioVersion = 10.0.40219.1
Project("{159641D6-6404-4A2A-AE62-294DE0FE8301}") = "VS2019Push", "VS2019Push\VS2019Push.dtproj", "{B347889F-C93C-48C3-8441-7001D1CD4915}"
EndProject
Project("{00D1A9C2-B5F0-4AF3-8072-F6C62B433612}") = "GitSQL", "GitSQL\GitSQL.sqlproj", "{A0B4565A-0675-41EF-A8DD-28369AA35C71}"
EndProject
Global
	GlobalSection(SolutionConfigurationPlatforms) = preSolution
		Debug|Any CPU = Debug|Any CPU
		Development|Any CPU = Development|Any CPU
		Release|Any CPU = Release|Any CPU
	EndGlobalSection
	GlobalSection(ProjectConfigurationPlatforms) = postSolution
		{B347889F-C93C-48C3-8441-7001D1CD4915}.Debug|Any CPU.ActiveCfg = Development
		{B347889F-C93C-48C3-8441-7001D1CD4915}.Debug|Any CPU.Build.0 = Development
		{B347889F-C93C-48C3-8441-7001D1CD4915}.Development|Any CPU.ActiveCfg = Development
		{B347889F-C93C-48C3-8441-7001D1CD4915}.Development|Any CPU.Build.0 = Development
		{B347889F-C93C-48C3-8441-7001D1CD4915}.Release|Any CPU.ActiveCfg = Development
		{B347889F-C93C-48C3-8441-7001D1CD4915}.Release|Any CPU.Build.0 = Development
		{A0B4565A-0675-41EF-A8DD-28369AA35C71}.Debug|Any CPU.ActiveCfg = Debug|Any CPU
		{A0B4565A-0675-41EF-A8DD-28369AA35C71}.Debug|Any CPU.Build.0 = Debug|Any CPU
		{A0B4565A-0675-41EF-A8DD-28369AA35C71}.Debug|Any CPU.Deploy.0 = Debug|Any CPU
		{A0B4565A-0675-41EF-A8DD-28369AA35C71}.Development|Any CPU.ActiveCfg = Debug|Any CPU
		{A0B4565A-0675-41EF-A8DD-28369AA35C71}.Development|Any CPU.Build.0 = Debug|Any CPU
		{A0B4565A-0675-41EF-A8DD-28369AA35C71}.Development|Any CPU.Deploy.0 = Debug|Any CPU
		{A0B4565A-0675-41EF-A8DD-28369AA35C71}.Release|Any CPU.ActiveCfg = Release|Any CPU
		{A0B4565A-0675-41EF-A8DD-28369AA35C71}.Release|Any CPU.Build.0 = Release|Any CPU
		{A0B4565A-0675-41EF-A8DD-28369AA35C71}.Release|Any CPU.Deploy.0 = Release|Any CPU
	EndGlobalSection
	GlobalSection(SolutionProperties) = preSolution
		HideSolutionNode = FALSE
	EndGlobalSection
	GlobalSection(ExtensibilityGlobals) = postSolution
		SolutionGuid = {675DBE90-CDF6-48CB-B3BE-9D24960BB837}
	EndGlobalSection
EndGlobal
